PODS:
  - MKRingProgressView (2.0.1)
  - SDWebImage (4.4.2):
    - SDWebImage/Core (= 4.4.2)
  - SDWebImage/Core (4.4.2)
  - SwiftSoup (1.7.2)
  - YouTubePlayer (0.4.0)

DEPENDENCIES:
  - MKRingProgressView
  - SDWebImage
  - SwiftSoup
  - YouTubePlayer

SPEC REPOS:
  https://github.com/cocoapods/specs.git:
    - MKRingProgressView
    - SDWebImage
    - SwiftSoup
    - YouTubePlayer

SPEC CHECKSUMS:
  MKRingProgressView: a2adeddfff0ea03f0fb7f8b108f3f77176db3bb5
  SDWebImage: 624d6e296c69b244bcede364c72ae0430ac14681
  SwiftSoup: e5f61d37e3d802a4b5db81b4945de3da9bfdf115
  YouTubePlayer: 028451f6772f372d4759866db99824c676ac1473

PODFILE CHECKSUM: 1cdbd2a95f09aff59303216d45f735fa435519e4

COCOAPODS: 1.5.2
