// !$*UTF8*$!
{
	archiveVersion = 1;
	classes = {
	};
	objectVersion = 50;
	objects = {

/* Begin PBXBuildFile section */
		0DF6EF63FCFADF0D79BDCA9F /* Pods_MovieUITests.framework in Frameworks */ = {isa = PBXBuildFile; fileRef = 1A349B30B722D17F54B008DE /* Pods_MovieUITests.framework */; };
		C30E9DA421BB672500C57F8E /* HTMLConverter.swift in Sources */ = {isa = PBXBuildFile; fileRef = C30E9DA321BB672500C57F8E /* HTMLConverter.swift */; };
		C343183121BAD52800993F13 /* PostCard.swift in Sources */ = {isa = PBXBuildFile; fileRef = C343183021BAD52800993F13 /* PostCard.swift */; };
		C34F655521BCA52A00CFA58A /* SearchView.xib in Resources */ = {isa = PBXBuildFile; fileRef = C34F655421BCA52A00CFA58A /* SearchView.xib */; };
		C34F655721BCBF9C00CFA58A /* PreviewController.swift in Sources */ = {isa = PBXBuildFile; fileRef = C34F655621BCBF9C00CFA58A /* PreviewController.swift */; };
		C363B82821B2B60E00F065DF /* AppDelegate.swift in Sources */ = {isa = PBXBuildFile; fileRef = C363B82721B2B60E00F065DF /* AppDelegate.swift */; };
		C363B82D21B2B60E00F065DF /* Main.storyboard in Resources */ = {isa = PBXBuildFile; fileRef = C363B82B21B2B60E00F065DF /* Main.storyboard */; };
		C363B82F21B2B60F00F065DF /* Assets.xcassets in Resources */ = {isa = PBXBuildFile; fileRef = C363B82E21B2B60F00F065DF /* Assets.xcassets */; };
		C363B83221B2B60F00F065DF /* LaunchScreen.storyboard in Resources */ = {isa = PBXBuildFile; fileRef = C363B83021B2B60F00F065DF /* LaunchScreen.storyboard */; };
		C363B83D21B2B60F00F065DF /* MovieUITests.swift in Sources */ = {isa = PBXBuildFile; fileRef = C363B83C21B2B60F00F065DF /* MovieUITests.swift */; };
		C3A2D7ED21BB986E001B7033 /* Extensions.swift in Sources */ = {isa = PBXBuildFile; fileRef = C3A2D7EC21BB986E001B7033 /* Extensions.swift */; };
		C3A2D7F021BB9DBD001B7033 /* Constants.swift in Sources */ = {isa = PBXBuildFile; fileRef = C3A2D7EF21BB9DBD001B7033 /* Constants.swift */; };
		C3C27C0C21B8AAFD00BD484C /* PopularController.swift in Sources */ = {isa = PBXBuildFile; fileRef = C3C27C0B21B8AAFD00BD484C /* PopularController.swift */; };
		C3C27C0E21B8AB0D00BD484C /* TopController.swift in Sources */ = {isa = PBXBuildFile; fileRef = C3C27C0D21B8AB0D00BD484C /* TopController.swift */; };
		C3C27C1021B8AB1C00BD484C /* UpcomingController.swift in Sources */ = {isa = PBXBuildFile; fileRef = C3C27C0F21B8AB1C00BD484C /* UpcomingController.swift */; };
		C3C27C1521B8DB8300BD484C /* MovieCell.swift in Sources */ = {isa = PBXBuildFile; fileRef = C3C27C1321B8DB8300BD484C /* MovieCell.swift */; };
		C3C27C1621B8DB8300BD484C /* MovieCell.xib in Resources */ = {isa = PBXBuildFile; fileRef = C3C27C1421B8DB8300BD484C /* MovieCell.xib */; };
		C3C8641021BC1A6200AF134F /* BaseVC.swift in Sources */ = {isa = PBXBuildFile; fileRef = C3C8640F21BC1A6200AF134F /* BaseVC.swift */; };
		EA67FFD81FF27C087FF77EE5 /* Pods_Movie.framework in Frameworks */ = {isa = PBXBuildFile; fileRef = D84979CF442CCD48CC04686D /* Pods_Movie.framework */; };
/* End PBXBuildFile section */

/* Begin PBXContainerItemProxy section */
		C363B83921B2B60F00F065DF /* PBXContainerItemProxy */ = {
			isa = PBXContainerItemProxy;
			containerPortal = C363B81C21B2B60E00F065DF /* Project object */;
			proxyType = 1;
			remoteGlobalIDString = C363B82321B2B60E00F065DF;
			remoteInfo = Movie;
		};
/* End PBXContainerItemProxy section */

/* Begin PBXFileReference section */
		0BF40A3ACA8C33C7ADC306E4 /* Pods-MovieUITests.debug.xcconfig */ = {isa = PBXFileReference; includeInIndex = 1; lastKnownFileType = text.xcconfig; name = "Pods-MovieUITests.debug.xcconfig"; path = "Pods/Target Support Files/Pods-MovieUITests/Pods-MovieUITests.debug.xcconfig"; sourceTree = "<group>"; };
		15188C702032F211C23AFD91 /* Pods-Movie.release.xcconfig */ = {isa = PBXFileReference; includeInIndex = 1; lastKnownFileType = text.xcconfig; name = "Pods-Movie.release.xcconfig"; path = "Pods/Target Support Files/Pods-Movie/Pods-Movie.release.xcconfig"; sourceTree = "<group>"; };
		1A349B30B722D17F54B008DE /* Pods_MovieUITests.framework */ = {isa = PBXFileReference; explicitFileType = wrapper.framework; includeInIndex = 0; path = Pods_MovieUITests.framework; sourceTree = BUILT_PRODUCTS_DIR; };
		9BB009A6D59D356CE5B81298 /* Pods-MovieUITests.release.xcconfig */ = {isa = PBXFileReference; includeInIndex = 1; lastKnownFileType = text.xcconfig; name = "Pods-MovieUITests.release.xcconfig"; path = "Pods/Target Support Files/Pods-MovieUITests/Pods-MovieUITests.release.xcconfig"; sourceTree = "<group>"; };
		C30E9DA321BB672500C57F8E /* HTMLConverter.swift */ = {isa = PBXFileReference; lastKnownFileType = sourcecode.swift; path = HTMLConverter.swift; sourceTree = "<group>"; };
		C343183021BAD52800993F13 /* PostCard.swift */ = {isa = PBXFileReference; lastKnownFileType = sourcecode.swift; path = PostCard.swift; sourceTree = "<group>"; };
		C34F655421BCA52A00CFA58A /* SearchView.xib */ = {isa = PBXFileReference; lastKnownFileType = file.xib; path = SearchView.xib; sourceTree = "<group>"; };
		C34F655621BCBF9C00CFA58A /* PreviewController.swift */ = {isa = PBXFileReference; lastKnownFileType = sourcecode.swift; path = PreviewController.swift; sourceTree = "<group>"; };
		C363B82421B2B60E00F065DF /* Movie.app */ = {isa = PBXFileReference; explicitFileType = wrapper.application; includeInIndex = 0; path = Movie.app; sourceTree = BUILT_PRODUCTS_DIR; };
		C363B82721B2B60E00F065DF /* AppDelegate.swift */ = {isa = PBXFileReference; lastKnownFileType = sourcecode.swift; path = AppDelegate.swift; sourceTree = "<group>"; };
		C363B82C21B2B60E00F065DF /* Base */ = {isa = PBXFileReference; lastKnownFileType = file.storyboard; name = Base; path = Base.lproj/Main.storyboard; sourceTree = "<group>"; };
		C363B82E21B2B60F00F065DF /* Assets.xcassets */ = {isa = PBXFileReference; lastKnownFileType = folder.assetcatalog; path = Assets.xcassets; sourceTree = "<group>"; };
		C363B83121B2B60F00F065DF /* Base */ = {isa = PBXFileReference; lastKnownFileType = file.storyboard; name = Base; path = Base.lproj/LaunchScreen.storyboard; sourceTree = "<group>"; };
		C363B83321B2B60F00F065DF /* Info.plist */ = {isa = PBXFileReference; lastKnownFileType = text.plist.xml; path = Info.plist; sourceTree = "<group>"; };
		C363B83821B2B60F00F065DF /* MovieUITests.xctest */ = {isa = PBXFileReference; explicitFileType = wrapper.cfbundle; includeInIndex = 0; path = MovieUITests.xctest; sourceTree = BUILT_PRODUCTS_DIR; };
		C363B83C21B2B60F00F065DF /* MovieUITests.swift */ = {isa = PBXFileReference; lastKnownFileType = sourcecode.swift; path = MovieUITests.swift; sourceTree = "<group>"; };
		C363B83E21B2B60F00F065DF /* Info.plist */ = {isa = PBXFileReference; lastKnownFileType = text.plist.xml; path = Info.plist; sourceTree = "<group>"; };
		C3A2D7EC21BB986E001B7033 /* Extensions.swift */ = {isa = PBXFileReference; lastKnownFileType = sourcecode.swift; path = Extensions.swift; sourceTree = "<group>"; };
		C3A2D7EF21BB9DBD001B7033 /* Constants.swift */ = {isa = PBXFileReference; lastKnownFileType = sourcecode.swift; path = Constants.swift; sourceTree = "<group>"; };
		C3C27C0B21B8AAFD00BD484C /* PopularController.swift */ = {isa = PBXFileReference; lastKnownFileType = sourcecode.swift; path = PopularController.swift; sourceTree = "<group>"; };
		C3C27C0D21B8AB0D00BD484C /* TopController.swift */ = {isa = PBXFileReference; lastKnownFileType = sourcecode.swift; path = TopController.swift; sourceTree = "<group>"; };
		C3C27C0F21B8AB1C00BD484C /* UpcomingController.swift */ = {isa = PBXFileReference; lastKnownFileType = sourcecode.swift; path = UpcomingController.swift; sourceTree = "<group>"; };
		C3C27C1321B8DB8300BD484C /* MovieCell.swift */ = {isa = PBXFileReference; lastKnownFileType = sourcecode.swift; path = MovieCell.swift; sourceTree = "<group>"; };
		C3C27C1421B8DB8300BD484C /* MovieCell.xib */ = {isa = PBXFileReference; lastKnownFileType = file.xib; path = MovieCell.xib; sourceTree = "<group>"; };
		C3C8640F21BC1A6200AF134F /* BaseVC.swift */ = {isa = PBXFileReference; fileEncoding = 4; lastKnownFileType = sourcecode.swift; path = BaseVC.swift; sourceTree = "<group>"; };
		D84979CF442CCD48CC04686D /* Pods_Movie.framework */ = {isa = PBXFileReference; explicitFileType = wrapper.framework; includeInIndex = 0; path = Pods_Movie.framework; sourceTree = BUILT_PRODUCTS_DIR; };
		E3500E213CBEBD42F9F1DCAE /* Pods-Movie.debug.xcconfig */ = {isa = PBXFileReference; includeInIndex = 1; lastKnownFileType = text.xcconfig; name = "Pods-Movie.debug.xcconfig"; path = "Pods/Target Support Files/Pods-Movie/Pods-Movie.debug.xcconfig"; sourceTree = "<group>"; };
/* End PBXFileReference section */

/* Begin PBXFrameworksBuildPhase section */
		C363B82121B2B60E00F065DF /* Frameworks */ = {
			isa = PBXFrameworksBuildPhase;
			buildActionMask = 2147483647;
			files = (
				EA67FFD81FF27C087FF77EE5 /* Pods_Movie.framework in Frameworks */,
			);
			runOnlyForDeploymentPostprocessing = 0;
		};
		C363B83521B2B60F00F065DF /* Frameworks */ = {
			isa = PBXFrameworksBuildPhase;
			buildActionMask = 2147483647;
			files = (
				0DF6EF63FCFADF0D79BDCA9F /* Pods_MovieUITests.framework in Frameworks */,
			);
			runOnlyForDeploymentPostprocessing = 0;
		};
/* End PBXFrameworksBuildPhase section */

/* Begin PBXGroup section */
		2080D535D710328A00CA4546 /* Pods */ = {
			isa = PBXGroup;
			children = (
				E3500E213CBEBD42F9F1DCAE /* Pods-Movie.debug.xcconfig */,
				15188C702032F211C23AFD91 /* Pods-Movie.release.xcconfig */,
				0BF40A3ACA8C33C7ADC306E4 /* Pods-MovieUITests.debug.xcconfig */,
				9BB009A6D59D356CE5B81298 /* Pods-MovieUITests.release.xcconfig */,
			);
			name = Pods;
			sourceTree = "<group>";
		};
		C30E9D9F21BB635300C57F8E /* APIService */ = {
			isa = PBXGroup;
			children = (
				C30E9DA321BB672500C57F8E /* HTMLConverter.swift */,
			);
			path = APIService;
			sourceTree = "<group>";
		};
		C343182F21BAD4CB00993F13 /* Model */ = {
			isa = PBXGroup;
			children = (
				C343183021BAD52800993F13 /* PostCard.swift */,
			);
			path = Model;
			sourceTree = "<group>";
		};
		C34F655321BCA50E00CFA58A /* View */ = {
			isa = PBXGroup;
			children = (
				C3C27C1321B8DB8300BD484C /* MovieCell.swift */,
				C3C27C1421B8DB8300BD484C /* MovieCell.xib */,
				C34F655421BCA52A00CFA58A /* SearchView.xib */,
			);
			path = View;
			sourceTree = "<group>";
		};
		C363B81B21B2B60E00F065DF = {
			isa = PBXGroup;
			children = (
				C363B82621B2B60E00F065DF /* Movie */,
				C363B83B21B2B60F00F065DF /* MovieUITests */,
				C363B82521B2B60E00F065DF /* Products */,
				2080D535D710328A00CA4546 /* Pods */,
				E51B2E06A461BABACF0F4CE5 /* Frameworks */,
			);
			sourceTree = "<group>";
		};
		C363B82521B2B60E00F065DF /* Products */ = {
			isa = PBXGroup;
			children = (
				C363B82421B2B60E00F065DF /* Movie.app */,
				C363B83821B2B60F00F065DF /* MovieUITests.xctest */,
			);
			name = Products;
			sourceTree = "<group>";
		};
		C363B82621B2B60E00F065DF /* Movie */ = {
			isa = PBXGroup;
			children = (
				C34F655321BCA50E00CFA58A /* View */,
				C3A2D7EB21BB9855001B7033 /* Extensions */,
				C30E9D9F21BB635300C57F8E /* APIService */,
				C343182F21BAD4CB00993F13 /* Model */,
				C3C27C0A21B8AADB00BD484C /* Controllers */,
				C3A2D7EE21BB9DAC001B7033 /* Util */,
				C363B82721B2B60E00F065DF /* AppDelegate.swift */,
				C363B82B21B2B60E00F065DF /* Main.storyboard */,
				C363B82E21B2B60F00F065DF /* Assets.xcassets */,
				C363B83021B2B60F00F065DF /* LaunchScreen.storyboard */,
				C363B83321B2B60F00F065DF /* Info.plist */,
			);
			path = Movie;
			sourceTree = "<group>";
		};
		C363B83B21B2B60F00F065DF /* MovieUITests */ = {
			isa = PBXGroup;
			children = (
				C363B83C21B2B60F00F065DF /* MovieUITests.swift */,
				C363B83E21B2B60F00F065DF /* Info.plist */,
			);
			path = MovieUITests;
			sourceTree = "<group>";
		};
		C3A2D7EB21BB9855001B7033 /* Extensions */ = {
			isa = PBXGroup;
			children = (
				C3A2D7EC21BB986E001B7033 /* Extensions.swift */,
			);
			path = Extensions;
			sourceTree = "<group>";
		};
		C3A2D7EE21BB9DAC001B7033 /* Util */ = {
			isa = PBXGroup;
			children = (
				C3A2D7EF21BB9DBD001B7033 /* Constants.swift */,
			);
			path = Util;
			sourceTree = "<group>";
		};
		C3C27C0A21B8AADB00BD484C /* Controllers */ = {
			isa = PBXGroup;
			children = (
				C3C27C0B21B8AAFD00BD484C /* PopularController.swift */,
				C3C27C0D21B8AB0D00BD484C /* TopController.swift */,
				C3C27C0F21B8AB1C00BD484C /* UpcomingController.swift */,
				C3C8640F21BC1A6200AF134F /* BaseVC.swift */,
				C34F655621BCBF9C00CFA58A /* PreviewController.swift */,
			);
			path = Controllers;
			sourceTree = "<group>";
		};
		E51B2E06A461BABACF0F4CE5 /* Frameworks */ = {
			isa = PBXGroup;
			children = (
				D84979CF442CCD48CC04686D /* Pods_Movie.framework */,
				1A349B30B722D17F54B008DE /* Pods_MovieUITests.framework */,
			);
			name = Frameworks;
			sourceTree = "<group>";
		};
/* End PBXGroup section */

/* Begin PBXNativeTarget section */
		C363B82321B2B60E00F065DF /* Movie */ = {
			isa = PBXNativeTarget;
			buildConfigurationList = C363B84121B2B60F00F065DF /* Build configuration list for PBXNativeTarget "Movie" */;
			buildPhases = (
				37E0F2BA0C750257E5C9479F /* [CP] Check Pods Manifest.lock */,
				C363B82021B2B60E00F065DF /* Sources */,
				C363B82121B2B60E00F065DF /* Frameworks */,
				C363B82221B2B60E00F065DF /* Resources */,
				5B90E6FEB65870F3C278800D /* [CP] Embed Pods Frameworks */,
			);
			buildRules = (
			);
			dependencies = (
			);
			name = Movie;
			productName = Movie;
			productReference = C363B82421B2B60E00F065DF /* Movie.app */;
			productType = "com.apple.product-type.application";
		};
		C363B83721B2B60F00F065DF /* MovieUITests */ = {
			isa = PBXNativeTarget;
			buildConfigurationList = C363B84421B2B60F00F065DF /* Build configuration list for PBXNativeTarget "MovieUITests" */;
			buildPhases = (
				D049F9EF75F86A33A6A04A5B /* [CP] Check Pods Manifest.lock */,
				C363B83421B2B60F00F065DF /* Sources */,
				C363B83521B2B60F00F065DF /* Frameworks */,
				C363B83621B2B60F00F065DF /* Resources */,
			);
			buildRules = (
			);
			dependencies = (
				C363B83A21B2B60F00F065DF /* PBXTargetDependency */,
			);
			name = MovieUITests;
			productName = MovieUITests;
			productReference = C363B83821B2B60F00F065DF /* MovieUITests.xctest */;
			productType = "com.apple.product-type.bundle.ui-testing";
		};
/* End PBXNativeTarget section */

/* Begin PBXProject section */
		C363B81C21B2B60E00F065DF /* Project object */ = {
			isa = PBXProject;
			attributes = {
				LastSwiftUpdateCheck = 1010;
				LastUpgradeCheck = 1010;
				ORGANIZATIONNAME = "Bekzod Rakhmatov";
				TargetAttributes = {
					C363B82321B2B60E00F065DF = {
						CreatedOnToolsVersion = 10.1;
					};
					C363B83721B2B60F00F065DF = {
						CreatedOnToolsVersion = 10.1;
						TestTargetID = C363B82321B2B60E00F065DF;
					};
				};
			};
			buildConfigurationList = C363B81F21B2B60E00F065DF /* Build configuration list for PBXProject "Movie" */;
			compatibilityVersion = "Xcode 9.3";
			developmentRegion = en;
			hasScannedForEncodings = 0;
			knownRegions = (
				en,
				Base,
			);
			mainGroup = C363B81B21B2B60E00F065DF;
			productRefGroup = C363B82521B2B60E00F065DF /* Products */;
			projectDirPath = "";
			projectRoot = "";
			targets = (
				C363B82321B2B60E00F065DF /* Movie */,
				C363B83721B2B60F00F065DF /* MovieUITests */,
			);
		};
/* End PBXProject section */

/* Begin PBXResourcesBuildPhase section */
		C363B82221B2B60E00F065DF /* Resources */ = {
			isa = PBXResourcesBuildPhase;
			buildActionMask = 2147483647;
			files = (
				C363B83221B2B60F00F065DF /* LaunchScreen.storyboard in Resources */,
				C34F655521BCA52A00CFA58A /* SearchView.xib in Resources */,
				C363B82F21B2B60F00F065DF /* Assets.xcassets in Resources */,
				C3C27C1621B8DB8300BD484C /* MovieCell.xib in Resources */,
				C363B82D21B2B60E00F065DF /* Main.storyboard in Resources */,
			);
			runOnlyForDeploymentPostprocessing = 0;
		};
		C363B83621B2B60F00F065DF /* Resources */ = {
			isa = PBXResourcesBuildPhase;
			buildActionMask = 2147483647;
			files = (
			);
			runOnlyForDeploymentPostprocessing = 0;
		};
/* End PBXResourcesBuildPhase section */

/* Begin PBXShellScriptBuildPhase section */
		37E0F2BA0C750257E5C9479F /* [CP] Check Pods Manifest.lock */ = {
			isa = PBXShellScriptBuildPhase;
			buildActionMask = 2147483647;
			files = (
			);
			inputPaths = (
				"${PODS_PODFILE_DIR_PATH}/Podfile.lock",
				"${PODS_ROOT}/Manifest.lock",
			);
			name = "[CP] Check Pods Manifest.lock";
			outputPaths = (
				"$(DERIVED_FILE_DIR)/Pods-Movie-checkManifestLockResult.txt",
			);
			runOnlyForDeploymentPostprocessing = 0;
			shellPath = /bin/sh;
			shellScript = "diff \"${PODS_PODFILE_DIR_PATH}/Podfile.lock\" \"${PODS_ROOT}/Manifest.lock\" > /dev/null\nif [ $? != 0 ] ; then\n    # print error to STDERR\n    echo \"error: The sandbox is not in sync with the Podfile.lock. Run 'pod install' or update your CocoaPods installation.\" >&2\n    exit 1\nfi\n# This output is used by Xcode 'outputs' to avoid re-running this script phase.\necho \"SUCCESS\" > \"${SCRIPT_OUTPUT_FILE_0}\"\n";
			showEnvVarsInLog = 0;
		};
		5B90E6FEB65870F3C278800D /* [CP] Embed Pods Frameworks */ = {
			isa = PBXShellScriptBuildPhase;
			buildActionMask = 2147483647;
			files = (
			);
			inputPaths = (
				"${SRCROOT}/Pods/Target Support Files/Pods-Movie/Pods-Movie-frameworks.sh",
				"${BUILT_PRODUCTS_DIR}/Alamofire/Alamofire.framework",
				"${BUILT_PRODUCTS_DIR}/MKRingProgressView/MKRingProgressView.framework",
				"${BUILT_PRODUCTS_DIR}/SDWebImage/SDWebImage.framework",
				"${BUILT_PRODUCTS_DIR}/SwiftSoup/SwiftSoup.framework",
				"${BUILT_PRODUCTS_DIR}/YouTubePlayer/YouTubePlayer.framework",
			);
			name = "[CP] Embed Pods Frameworks";
			outputPaths = (
				"${TARGET_BUILD_DIR}/${FRAMEWORKS_FOLDER_PATH}/Alamofire.framework",
				"${TARGET_BUILD_DIR}/${FRAMEWORKS_FOLDER_PATH}/MKRingProgressView.framework",
				"${TARGET_BUILD_DIR}/${FRAMEWORKS_FOLDER_PATH}/SDWebImage.framework",
				"${TARGET_BUILD_DIR}/${FRAMEWORKS_FOLDER_PATH}/SwiftSoup.framework",
				"${TARGET_BUILD_DIR}/${FRAMEWORKS_FOLDER_PATH}/YouTubePlayer.framework",
			);
			runOnlyForDeploymentPostprocessing = 0;
			shellPath = /bin/sh;
			shellScript = "\"${SRCROOT}/Pods/Target Support Files/Pods-Movie/Pods-Movie-frameworks.sh\"\n";
			showEnvVarsInLog = 0;
		};
		D049F9EF75F86A33A6A04A5B /* [CP] Check Pods Manifest.lock */ = {
			isa = PBXShellScriptBuildPhase;
			buildActionMask = 2147483647;
			files = (
			);
			inputPaths = (
				"${PODS_PODFILE_DIR_PATH}/Podfile.lock",
				"${PODS_ROOT}/Manifest.lock",
			);
			name = "[CP] Check Pods Manifest.lock";
			outputPaths = (
				"$(DERIVED_FILE_DIR)/Pods-MovieUITests-checkManifestLockResult.txt",
			);
			runOnlyForDeploymentPostprocessing = 0;
			shellPath = /bin/sh;
			shellScript = "diff \"${PODS_PODFILE_DIR_PATH}/Podfile.lock\" \"${PODS_ROOT}/Manifest.lock\" > /dev/null\nif [ $? != 0 ] ; then\n    # print error to STDERR\n    echo \"error: The sandbox is not in sync with the Podfile.lock. Run 'pod install' or update your CocoaPods installation.\" >&2\n    exit 1\nfi\n# This output is used by Xcode 'outputs' to avoid re-running this script phase.\necho \"SUCCESS\" > \"${SCRIPT_OUTPUT_FILE_0}\"\n";
			showEnvVarsInLog = 0;
		};
/* End PBXShellScriptBuildPhase section */

/* Begin PBXSourcesBuildPhase section */
		C363B82021B2B60E00F065DF /* Sources */ = {
			isa = PBXSourcesBuildPhase;
			buildActionMask = 2147483647;
			files = (
				C34F655721BCBF9C00CFA58A /* PreviewController.swift in Sources */,
				C3C27C0E21B8AB0D00BD484C /* TopController.swift in Sources */,
				C3C8641021BC1A6200AF134F /* BaseVC.swift in Sources */,
				C3A2D7F021BB9DBD001B7033 /* Constants.swift in Sources */,
				C3A2D7ED21BB986E001B7033 /* Extensions.swift in Sources */,
				C343183121BAD52800993F13 /* PostCard.swift in Sources */,
				C3C27C1021B8AB1C00BD484C /* UpcomingController.swift in Sources */,
				C363B82821B2B60E00F065DF /* AppDelegate.swift in Sources */,
				C3C27C1521B8DB8300BD484C /* MovieCell.swift in Sources */,
				C30E9DA421BB672500C57F8E /* HTMLConverter.swift in Sources */,
				C3C27C0C21B8AAFD00BD484C /* PopularController.swift in Sources */,
			);
			runOnlyForDeploymentPostprocessing = 0;
		};
		C363B83421B2B60F00F065DF /* Sources */ = {
			isa = PBXSourcesBuildPhase;
			buildActionMask = 2147483647;
			files = (
				C363B83D21B2B60F00F065DF /* MovieUITests.swift in Sources */,
			);
			runOnlyForDeploymentPostprocessing = 0;
		};
/* End PBXSourcesBuildPhase section */

/* Begin PBXTargetDependency section */
		C363B83A21B2B60F00F065DF /* PBXTargetDependency */ = {
			isa = PBXTargetDependency;
			target = C363B82321B2B60E00F065DF /* Movie */;
			targetProxy = C363B83921B2B60F00F065DF /* PBXContainerItemProxy */;
		};
/* End PBXTargetDependency section */

/* Begin PBXVariantGroup section */
		C363B82B21B2B60E00F065DF /* Main.storyboard */ = {
			isa = PBXVariantGroup;
			children = (
				C363B82C21B2B60E00F065DF /* Base */,
			);
			name = Main.storyboard;
			sourceTree = "<group>";
		};
		C363B83021B2B60F00F065DF /* LaunchScreen.storyboard */ = {
			isa = PBXVariantGroup;
			children = (
				C363B83121B2B60F00F065DF /* Base */,
			);
			name = LaunchScreen.storyboard;
			sourceTree = "<group>";
		};
/* End PBXVariantGroup section */

/* Begin XCBuildConfiguration section */
		C363B83F21B2B60F00F065DF /* Debug */ = {
			isa = XCBuildConfiguration;
			buildSettings = {
				ALWAYS_SEARCH_USER_PATHS = NO;
				CLANG_ANALYZER_NONNULL = YES;
				CLANG_ANALYZER_NUMBER_OBJECT_CONVERSION = YES_AGGRESSIVE;
				CLANG_CXX_LANGUAGE_STANDARD = "gnu++14";
				CLANG_CXX_LIBRARY = "libc++";
				CLANG_ENABLE_MODULES = YES;
				CLANG_ENABLE_OBJC_ARC = YES;
				CLANG_ENABLE_OBJC_WEAK = YES;
				CLANG_WARN_BLOCK_CAPTURE_AUTORELEASING = YES;
				CLANG_WARN_BOOL_CONVERSION = YES;
				CLANG_WARN_COMMA = YES;
				CLANG_WARN_CONSTANT_CONVERSION = YES;
				CLANG_WARN_DEPRECATED_OBJC_IMPLEMENTATIONS = YES;
				CLANG_WARN_DIRECT_OBJC_ISA_USAGE = YES_ERROR;
				CLANG_WARN_DOCUMENTATION_COMMENTS = YES;
				CLANG_WARN_EMPTY_BODY = YES;
				CLANG_WARN_ENUM_CONVERSION = YES;
				CLANG_WARN_INFINITE_RECURSION = YES;
				CLANG_WARN_INT_CONVERSION = YES;
				CLANG_WARN_NON_LITERAL_NULL_CONVERSION = YES;
				CLANG_WARN_OBJC_IMPLICIT_RETAIN_SELF = YES;
				CLANG_WARN_OBJC_LITERAL_CONVERSION = YES;
				CLANG_WARN_OBJC_ROOT_CLASS = YES_ERROR;
				CLANG_WARN_RANGE_LOOP_ANALYSIS = YES;
				CLANG_WARN_STRICT_PROTOTYPES = YES;
				CLANG_WARN_SUSPICIOUS_MOVE = YES;
				CLANG_WARN_UNGUARDED_AVAILABILITY = YES_AGGRESSIVE;
				CLANG_WARN_UNREACHABLE_CODE = YES;
				CLANG_WARN__DUPLICATE_METHOD_MATCH = YES;
				CODE_SIGN_IDENTITY = "iPhone Developer";
				COPY_PHASE_STRIP = NO;
				DEBUG_INFORMATION_FORMAT = dwarf;
				ENABLE_STRICT_OBJC_MSGSEND = YES;
				ENABLE_TESTABILITY = YES;
				GCC_C_LANGUAGE_STANDARD = gnu11;
				GCC_DYNAMIC_NO_PIC = NO;
				GCC_NO_COMMON_BLOCKS = YES;
				GCC_OPTIMIZATION_LEVEL = 0;
				GCC_PREPROCESSOR_DEFINITIONS = (
					"DEBUG=1",
					"$(inherited)",
				);
				GCC_WARN_64_TO_32_BIT_CONVERSION = YES;
				GCC_WARN_ABOUT_RETURN_TYPE = YES_ERROR;
				GCC_WARN_UNDECLARED_SELECTOR = YES;
				GCC_WARN_UNINITIALIZED_AUTOS = YES_AGGRESSIVE;
				GCC_WARN_UNUSED_FUNCTION = YES;
				GCC_WARN_UNUSED_VARIABLE = YES;
				IPHONEOS_DEPLOYMENT_TARGET = 12.1;
				MTL_ENABLE_DEBUG_INFO = INCLUDE_SOURCE;
				MTL_FAST_MATH = YES;
				ONLY_ACTIVE_ARCH = YES;
				SDKROOT = iphoneos;
				SWIFT_ACTIVE_COMPILATION_CONDITIONS = DEBUG;
				SWIFT_OPTIMIZATION_LEVEL = "-Onone";
			};
			name = Debug;
		};
		C363B84021B2B60F00F065DF /* Release */ = {
			isa = XCBuildConfiguration;
			buildSettings = {
				ALWAYS_SEARCH_USER_PATHS = NO;
				CLANG_ANALYZER_NONNULL = YES;
				CLANG_ANALYZER_NUMBER_OBJECT_CONVERSION = YES_AGGRESSIVE;
				CLANG_CXX_LANGUAGE_STANDARD = "gnu++14";
				CLANG_CXX_LIBRARY = "libc++";
				CLANG_ENABLE_MODULES = YES;
				CLANG_ENABLE_OBJC_ARC = YES;
				CLANG_ENABLE_OBJC_WEAK = YES;
				CLANG_WARN_BLOCK_CAPTURE_AUTORELEASING = YES;
				CLANG_WARN_BOOL_CONVERSION = YES;
				CLANG_WARN_COMMA = YES;
				CLANG_WARN_CONSTANT_CONVERSION = YES;
				CLANG_WARN_DEPRECATED_OBJC_IMPLEMENTATIONS = YES;
				CLANG_WARN_DIRECT_OBJC_ISA_USAGE = YES_ERROR;
				CLANG_WARN_DOCUMENTATION_COMMENTS = YES;
				CLANG_WARN_EMPTY_BODY = YES;
				CLANG_WARN_ENUM_CONVERSION = YES;
				CLANG_WARN_INFINITE_RECURSION = YES;
				CLANG_WARN_INT_CONVERSION = YES;
				CLANG_WARN_NON_LITERAL_NULL_CONVERSION = YES;
				CLANG_WARN_OBJC_IMPLICIT_RETAIN_SELF = YES;
				CLANG_WARN_OBJC_LITERAL_CONVERSION = YES;
				CLANG_WARN_OBJC_ROOT_CLASS = YES_ERROR;
				CLANG_WARN_RANGE_LOOP_ANALYSIS = YES;
				CLANG_WARN_STRICT_PROTOTYPES = YES;
				CLANG_WARN_SUSPICIOUS_MOVE = YES;
				CLANG_WARN_UNGUARDED_AVAILABILITY = YES_AGGRESSIVE;
				CLANG_WARN_UNREACHABLE_CODE = YES;
				CLANG_WARN__DUPLICATE_METHOD_MATCH = YES;
				CODE_SIGN_IDENTITY = "iPhone Developer";
				COPY_PHASE_STRIP = NO;
				DEBUG_INFORMATION_FORMAT = "dwarf-with-dsym";
				ENABLE_NS_ASSERTIONS = NO;
				ENABLE_STRICT_OBJC_MSGSEND = YES;
				GCC_C_LANGUAGE_STANDARD = gnu11;
				GCC_NO_COMMON_BLOCKS = YES;
				GCC_WARN_64_TO_32_BIT_CONVERSION = YES;
				GCC_WARN_ABOUT_RETURN_TYPE = YES_ERROR;
				GCC_WARN_UNDECLARED_SELECTOR = YES;
				GCC_WARN_UNINITIALIZED_AUTOS = YES_AGGRESSIVE;
				GCC_WARN_UNUSED_FUNCTION = YES;
				GCC_WARN_UNUSED_VARIABLE = YES;
				IPHONEOS_DEPLOYMENT_TARGET = 12.1;
				MTL_ENABLE_DEBUG_INFO = NO;
				MTL_FAST_MATH = YES;
				SDKROOT = iphoneos;
				SWIFT_COMPILATION_MODE = wholemodule;
				SWIFT_OPTIMIZATION_LEVEL = "-O";
				VALIDATE_PRODUCT = YES;
			};
			name = Release;
		};
		C363B84221B2B60F00F065DF /* Debug */ = {
			isa = XCBuildConfiguration;
			baseConfigurationReference = E3500E213CBEBD42F9F1DCAE /* Pods-Movie.debug.xcconfig */;
			buildSettings = {
				ASSETCATALOG_COMPILER_APPICON_NAME = AppIcon;
				CODE_SIGN_STYLE = Automatic;
				DEVELOPMENT_TEAM = Y77A582JHV;
				INFOPLIST_FILE = Movie/Info.plist;
				LD_RUNPATH_SEARCH_PATHS = (
					"$(inherited)",
					"@executable_path/Frameworks",
				);
				PRODUCT_BUNDLE_IDENTIFIER = com.bekzodrakhmatov.Movie;
				PRODUCT_NAME = "$(TARGET_NAME)";
				SWIFT_VERSION = 4.2;
				TARGETED_DEVICE_FAMILY = "1,2";
			};
			name = Debug;
		};
		C363B84321B2B60F00F065DF /* Release */ = {
			isa = XCBuildConfiguration;
			baseConfigurationReference = 15188C702032F211C23AFD91 /* Pods-Movie.release.xcconfig */;
			buildSettings = {
				ASSETCATALOG_COMPILER_APPICON_NAME = AppIcon;
				CODE_SIGN_STYLE = Automatic;
				DEVELOPMENT_TEAM = Y77A582JHV;
				INFOPLIST_FILE = Movie/Info.plist;
				LD_RUNPATH_SEARCH_PATHS = (
					"$(inherited)",
					"@executable_path/Frameworks",
				);
				PRODUCT_BUNDLE_IDENTIFIER = com.bekzodrakhmatov.Movie;
				PRODUCT_NAME = "$(TARGET_NAME)";
				SWIFT_VERSION = 4.2;
				TARGETED_DEVICE_FAMILY = "1,2";
			};
			name = Release;
		};
		C363B84521B2B60F00F065DF /* Debug */ = {
			isa = XCBuildConfiguration;
			baseConfigurationReference = 0BF40A3ACA8C33C7ADC306E4 /* Pods-MovieUITests.debug.xcconfig */;
			buildSettings = {
				ALWAYS_EMBED_SWIFT_STANDARD_LIBRARIES = YES;
				CODE_SIGN_STYLE = Automatic;
				DEVELOPMENT_TEAM = ZTF5MT65DL;
				INFOPLIST_FILE = MovieUITests/Info.plist;
				LD_RUNPATH_SEARCH_PATHS = (
					"$(inherited)",
					"@executable_path/Frameworks",
					"@loader_path/Frameworks",
				);
				PRODUCT_BUNDLE_IDENTIFIER = com.bekzodrakhmatov.MovieUITests;
				PRODUCT_NAME = "$(TARGET_NAME)";
				SWIFT_VERSION = 4.2;
				TARGETED_DEVICE_FAMILY = "1,2";
				TEST_TARGET_NAME = Movie;
			};
			name = Debug;
		};
		C363B84621B2B60F00F065DF /* Release */ = {
			isa = XCBuildConfiguration;
			baseConfigurationReference = 9BB009A6D59D356CE5B81298 /* Pods-MovieUITests.release.xcconfig */;
			buildSettings = {
				ALWAYS_EMBED_SWIFT_STANDARD_LIBRARIES = YES;
				CODE_SIGN_STYLE = Automatic;
				DEVELOPMENT_TEAM = ZTF5MT65DL;
				INFOPLIST_FILE = MovieUITests/Info.plist;
				LD_RUNPATH_SEARCH_PATHS = (
					"$(inherited)",
					"@executable_path/Frameworks",
					"@loader_path/Frameworks",
				);
				PRODUCT_BUNDLE_IDENTIFIER = com.bekzodrakhmatov.MovieUITests;
				PRODUCT_NAME = "$(TARGET_NAME)";
				SWIFT_VERSION = 4.2;
				TARGETED_DEVICE_FAMILY = "1,2";
				TEST_TARGET_NAME = Movie;
			};
			name = Release;
		};
/* End XCBuildConfiguration section */

/* Begin XCConfigurationList section */
		C363B81F21B2B60E00F065DF /* Build configuration list for PBXProject "Movie" */ = {
			isa = XCConfigurationList;
			buildConfigurations = (
				C363B83F21B2B60F00F065DF /* Debug */,
				C363B84021B2B60F00F065DF /* Release */,
			);
			defaultConfigurationIsVisible = 0;
			defaultConfigurationName = Release;
		};
		C363B84121B2B60F00F065DF /* Build configuration list for PBXNativeTarget "Movie" */ = {
			isa = XCConfigurationList;
			buildConfigurations = (
				C363B84221B2B60F00F065DF /* Debug */,
				C363B84321B2B60F00F065DF /* Release */,
			);
			defaultConfigurationIsVisible = 0;
			defaultConfigurationName = Release;
		};
		C363B84421B2B60F00F065DF /* Build configuration list for PBXNativeTarget "MovieUITests" */ = {
			isa = XCConfigurationList;
			buildConfigurations = (
				C363B84521B2B60F00F065DF /* Debug */,
				C363B84621B2B60F00F065DF /* Release */,
			);
			defaultConfigurationIsVisible = 0;
			defaultConfigurationName = Release;
		};
/* End XCConfigurationList section */
	};
	rootObject = C363B81C21B2B60E00F065DF /* Project object */;
}
